// !$*UTF8*$!
{
	archiveVersion = 1;
	classes = {
	};
	objectVersion = 77;
	objects = {

/* Begin PBXContainerItemProxy section */
		84AED5EE2D8F852D00CB8F9A /* PBXContainerItemProxy */ = {
			isa = PBXContainerItemProxy;
			containerPortal = 84AED5D52D8F852A00CB8F9A /* Project object */;
			proxyType = 1;
			remoteGlobalIDString = 84AED5DC2D8F852A00CB8F9A;
			remoteInfo = NextToGo;
		};
		84AED5F82D8F852D00CB8F9A /* PBXContainerItemProxy */ = {
			isa = PBXContainerItemProxy;
			containerPortal = 84AED5D52D8F852A00CB8F9A /* Project object */;
			proxyType = 1;
			remoteGlobalIDString = 84AED5DC2D8F852A00CB8F9A;
			remoteInfo = NextToGo;
		};
/* End PBXContainerItemProxy section */

/* Begin PBXFileReference section */
		84AED5DD2D8F852A00CB8F9A /* NextToGo.app */ = {isa = PBXFileReference; explicitFileType = wrapper.application; includeInIndex = 0; path = NextToGo.app; sourceTree = BUILT_PRODUCTS_DIR; };
		84AED5ED2D8F852D00CB8F9A /* NextToGoTests.xctest */ = {isa = PBXFileReference; explicitFileType = wrapper.cfbundle; includeInIndex = 0; path = NextToGoTests.xctest; sourceTree = BUILT_PRODUCTS_DIR; };
		84AED5F72D8F852D00CB8F9A /* NextToGoUITests.xctest */ = {isa = PBXFileReference; explicitFileType = wrapper.cfbundle; includeInIndex = 0; path = NextToGoUITests.xctest; sourceTree = BUILT_PRODUCTS_DIR; };
/* End PBXFileReference section */

/* Begin PBXFileSystemSynchronizedBuildFileExceptionSet section */
		84AED6602DA3DA6600CB8F9A /* Exceptions for "NextToGoTests" folder in "NextToGo" target */ = {
			isa = PBXFileSystemSynchronizedBuildFileExceptionSet;
			membershipExceptions = (
				MockService.swift,
				RacingMockResponse.json,
				RacingSummaryMockResponse.json,
			);
			target = 84AED5DC2D8F852A00CB8F9A /* NextToGo */;
		};
		84AED6662DA3E19900CB8F9A /* Exceptions for "NextToGoTests" folder in "NextToGoUITests" target */ = {
			isa = PBXFileSystemSynchronizedBuildFileExceptionSet;
			membershipExceptions = (
				RacingMockResponse.json,
				RacingSummaryMockResponse.json,
			);
			target = 84AED5F62D8F852D00CB8F9A /* NextToGoUITests */;
		};
/* End PBXFileSystemSynchronizedBuildFileExceptionSet section */

/* Begin PBXFileSystemSynchronizedRootGroup section */
		84AED5DF2D8F852A00CB8F9A /* NextToGo */ = {
			isa = PBXFileSystemSynchronizedRootGroup;
			path = NextToGo;
			sourceTree = "<group>";
		};
		84AED5F02D8F852D00CB8F9A /* NextToGoTests */ = {
			isa = PBXFileSystemSynchronizedRootGroup;
			exceptions = (
				84AED6602DA3DA6600CB8F9A /* Exceptions for "NextToGoTests" folder in "NextToGo" target */,
				84AED6662DA3E19900CB8F9A /* Exceptions for "NextToGoTests" folder in "NextToGoUITests" target */,
			);
			path = NextToGoTests;
			sourceTree = "<group>";
		};
		84AED5FA2D8F852D00CB8F9A /* NextToGoUITests */ = {
			isa = PBXFileSystemSynchronizedRootGroup;
			path = NextToGoUITests;
			sourceTree = "<group>";
		};
/* End PBXFileSystemSynchronizedRootGroup section */

/* Begin PBXFrameworksBuildPhase section */
		84AED5DA2D8F852A00CB8F9A /* Frameworks */ = {
			isa = PBXFrameworksBuildPhase;
			buildActionMask = 2147483647;
			files = (
			);
			runOnlyForDeploymentPostprocessing = 0;
		};
		84AED5EA2D8F852D00CB8F9A /* Frameworks */ = {
			isa = PBXFrameworksBuildPhase;
			buildActionMask = 2147483647;
			files = (
			);
			runOnlyForDeploymentPostprocessing = 0;
		};
		84AED5F42D8F852D00CB8F9A /* Frameworks */ = {
			isa = PBXFrameworksBuildPhase;
			buildActionMask = 2147483647;
			files = (
			);
			runOnlyForDeploymentPostprocessing = 0;
		};
/* End PBXFrameworksBuildPhase section */

/* Begin PBXGroup section */
		84AED5D42D8F852A00CB8F9A = {
			isa = PBXGroup;
			children = (
				84AED5DF2D8F852A00CB8F9A /* NextToGo */,
				84AED5F02D8F852D00CB8F9A /* NextToGoTests */,
				84AED5FA2D8F852D00CB8F9A /* NextToGoUITests */,
				84AED5DE2D8F852A00CB8F9A /* Products */,
			);
			sourceTree = "<group>";
		};
		84AED5DE2D8F852A00CB8F9A /* Products */ = {
			isa = PBXGroup;
			children = (
				84AED5DD2D8F852A00CB8F9A /* NextToGo.app */,
				84AED5ED2D8F852D00CB8F9A /* NextToGoTests.xctest */,
				84AED5F72D8F852D00CB8F9A /* NextToGoUITests.xctest */,
			);
			name = Products;
			sourceTree = "<group>";
		};
/* End PBXGroup section */

/* Begin PBXNativeTarget section */
		84AED5DC2D8F852A00CB8F9A /* NextToGo */ = {
			isa = PBXNativeTarget;
			buildConfigurationList = 84AED6012D8F852D00CB8F9A /* Build configuration list for PBXNativeTarget "NextToGo" */;
			buildPhases = (
				84AED5D92D8F852A00CB8F9A /* Sources */,
				84AED5DA2D8F852A00CB8F9A /* Frameworks */,
				84AED5DB2D8F852A00CB8F9A /* Resources */,
			);
			buildRules = (
			);
			dependencies = (
			);
			fileSystemSynchronizedGroups = (
				84AED5DF2D8F852A00CB8F9A /* NextToGo */,
			);
			name = NextToGo;
			packageProductDependencies = (
			);
			productName = NextToGo;
			productReference = 84AED5DD2D8F852A00CB8F9A /* NextToGo.app */;
			productType = "com.apple.product-type.application";
		};
		84AED5EC2D8F852D00CB8F9A /* NextToGoTests */ = {
			isa = PBXNativeTarget;
			buildConfigurationList = 84AED6042D8F852D00CB8F9A /* Build configuration list for PBXNativeTarget "NextToGoTests" */;
			buildPhases = (
				84AED5E92D8F852D00CB8F9A /* Sources */,
				84AED5EA2D8F852D00CB8F9A /* Frameworks */,
				84AED5EB2D8F852D00CB8F9A /* Resources */,
			);
			buildRules = (
			);
			dependencies = (
				84AED5EF2D8F852D00CB8F9A /* PBXTargetDependency */,
			);
			fileSystemSynchronizedGroups = (
				84AED5F02D8F852D00CB8F9A /* NextToGoTests */,
			);
			name = NextToGoTests;
			packageProductDependencies = (
			);
			productName = NextToGoTests;
			productReference = 84AED5ED2D8F852D00CB8F9A /* NextToGoTests.xctest */;
			productType = "com.apple.product-type.bundle.unit-test";
		};
		84AED5F62D8F852D00CB8F9A /* NextToGoUITests */ = {
			isa = PBXNativeTarget;
			buildConfigurationList = 84AED6072D8F852D00CB8F9A /* Build configuration list for PBXNativeTarget "NextToGoUITests" */;
			buildPhases = (
				84AED5F32D8F852D00CB8F9A /* Sources */,
				84AED5F42D8F852D00CB8F9A /* Frameworks */,
				84AED5F52D8F852D00CB8F9A /* Resources */,
			);
			buildRules = (
			);
			dependencies = (
				84AED5F92D8F852D00CB8F9A /* PBXTargetDependency */,
			);
			fileSystemSynchronizedGroups = (
				84AED5FA2D8F852D00CB8F9A /* NextToGoUITests */,
			);
			name = NextToGoUITests;
			packageProductDependencies = (
			);
			productName = NextToGoUITests;
			productReference = 84AED5F72D8F852D00CB8F9A /* NextToGoUITests.xctest */;
			productType = "com.apple.product-type.bundle.ui-testing";
		};
/* End PBXNativeTarget section */

/* Begin PBXProject section */
		84AED5D52D8F852A00CB8F9A /* Project object */ = {
			isa = PBXProject;
			attributes = {
				BuildIndependentTargetsInParallel = 1;
				LastSwiftUpdateCheck = 1620;
				LastUpgradeCheck = 1620;
				TargetAttributes = {
					84AED5DC2D8F852A00CB8F9A = {
						CreatedOnToolsVersion = 16.2;
					};
					84AED5EC2D8F852D00CB8F9A = {
						CreatedOnToolsVersion = 16.2;
						TestTargetID = 84AED5DC2D8F852A00CB8F9A;
					};
					84AED5F62D8F852D00CB8F9A = {
						CreatedOnToolsVersion = 16.2;
						TestTargetID = 84AED5DC2D8F852A00CB8F9A;
					};
				};
			};
			buildConfigurationList = 84AED5D82D8F852A00CB8F9A /* Build configuration list for PBXProject "NextToGo" */;
			developmentRegion = en;
			hasScannedForEncodings = 0;
			knownRegions = (
				en,
				Base,
			);
			mainGroup = 84AED5D42D8F852A00CB8F9A;
			minimizedProjectReferenceProxies = 1;
			preferredProjectObjectVersion = 77;
			productRefGroup = 84AED5DE2D8F852A00CB8F9A /* Products */;
			projectDirPath = "";
			projectRoot = "";
			targets = (
				84AED5DC2D8F852A00CB8F9A /* NextToGo */,
				84AED5EC2D8F852D00CB8F9A /* NextToGoTests */,
				84AED5F62D8F852D00CB8F9A /* NextToGoUITests */,
			);
		};
/* End PBXProject section */

/* Begin PBXResourcesBuildPhase section */
		84AED5DB2D8F852A00CB8F9A /* Resources */ = {
			isa = PBXResourcesBuildPhase;
			buildActionMask = 2147483647;
			files = (
			);
			runOnlyForDeploymentPostprocessing = 0;
		};
		84AED5EB2D8F852D00CB8F9A /* Resources */ = {
			isa = PBXResourcesBuildPhase;
			buildActionMask = 2147483647;
			files = (
			);
			runOnlyForDeploymentPostprocessing = 0;
		};
		84AED5F52D8F852D00CB8F9A /* Resources */ = {
			isa = PBXResourcesBuildPhase;
			buildActionMask = 2147483647;
			files = (
			);
			runOnlyForDeploymentPostprocessing = 0;
		};
/* End PBXResourcesBuildPhase section */

/* Begin PBXSourcesBuildPhase section */
		84AED5D92D8F852A00CB8F9A /* Sources */ = {
			isa = PBXSourcesBuildPhase;
			buildActionMask = 2147483647;
			files = (
			);
			runOnlyForDeploymentPostprocessing = 0;
		};
		84AED5E92D8F852D00CB8F9A /* Sources */ = {
			isa = PBXSourcesBuildPhase;
			buildActionMask = 2147483647;
			files = (
			);
			runOnlyForDeploymentPostprocessing = 0;
		};
		84AED5F32D8F852D00CB8F9A /* Sources */ = {
			isa = PBXSourcesBuildPhase;
			buildActionMask = 2147483647;
			files = (
			);
			runOnlyForDeploymentPostprocessing = 0;
		};
/* End PBXSourcesBuildPhase section */

/* Begin PBXTargetDependency section */
		84AED5EF2D8F852D00CB8F9A /* PBXTargetDependency */ = {
			isa = PBXTargetDependency;
			target = 84AED5DC2D8F852A00CB8F9A /* NextToGo */;
			targetProxy = 84AED5EE2D8F852D00CB8F9A /* PBXContainerItemProxy */;
		};
		84AED5F92D8F852D00CB8F9A /* PBXTargetDependency */ = {
			isa = PBXTargetDependency;
			target = 84AED5DC2D8F852A00CB8F9A /* NextToGo */;
			targetProxy = 84AED5F82D8F852D00CB8F9A /* PBXContainerItemProxy */;
		};
/* End PBXTargetDependency section */

/* Begin XCBuildConfiguration section */
		84AED5FF2D8F852D00CB8F9A /* Debug */ = {
			isa = XCBuildConfiguration;
			buildSettings = {
				ALWAYS_SEARCH_USER_PATHS = NO;
				ASSETCATALOG_COMPILER_GENERATE_SWIFT_ASSET_SYMBOL_EXTENSIONS = YES;
				CLANG_ANALYZER_NONNULL = YES;
				CLANG_ANALYZER_NUMBER_OBJECT_CONVERSION = YES_AGGRESSIVE;
				CLANG_CXX_LANGUAGE_STANDARD = "gnu++20";
				CLANG_ENABLE_MODULES = YES;
				CLANG_ENABLE_OBJC_ARC = YES;
				CLANG_ENABLE_OBJC_WEAK = YES;
				CLANG_WARN_BLOCK_CAPTURE_AUTORELEASING = YES;
				CLANG_WARN_BOOL_CONVERSION = YES;
				CLANG_WARN_COMMA = YES;
				CLANG_WARN_CONSTANT_CONVERSION = YES;
				CLANG_WARN_DEPRECATED_OBJC_IMPLEMENTATIONS = YES;
				CLANG_WARN_DIRECT_OBJC_ISA_USAGE = YES_ERROR;
				CLANG_WARN_DOCUMENTATION_COMMENTS = YES;
				CLANG_WARN_EMPTY_BODY = YES;
				CLANG_WARN_ENUM_CONVERSION = YES;
				CLANG_WARN_INFINITE_RECURSION = YES;
				CLANG_WARN_INT_CONVERSION = YES;
				CLANG_WARN_NON_LITERAL_NULL_CONVERSION = YES;
				CLANG_WARN_OBJC_IMPLICIT_RETAIN_SELF = YES;
				CLANG_WARN_OBJC_LITERAL_CONVERSION = YES;
				CLANG_WARN_OBJC_ROOT_CLASS = YES_ERROR;
				CLANG_WARN_QUOTED_INCLUDE_IN_FRAMEWORK_HEADER = YES;
				CLANG_WARN_RANGE_LOOP_ANALYSIS = YES;
				CLANG_WARN_STRICT_PROTOTYPES = YES;
				CLANG_WARN_SUSPICIOUS_MOVE = YES;
				CLANG_WARN_UNGUARDED_AVAILABILITY = YES_AGGRESSIVE;
				CLANG_WARN_UNREACHABLE_CODE = YES;
				CLANG_WARN__DUPLICATE_METHOD_MATCH = YES;
				COPY_PHASE_STRIP = NO;
				DEBUG_INFORMATION_FORMAT = dwarf;
				ENABLE_STRICT_OBJC_MSGSEND = YES;
				ENABLE_TESTABILITY = YES;
				ENABLE_USER_SCRIPT_SANDBOXING = YES;
				GCC_C_LANGUAGE_STANDARD = gnu17;
				GCC_DYNAMIC_NO_PIC = NO;
				GCC_NO_COMMON_BLOCKS = YES;
				GCC_OPTIMIZATION_LEVEL = 0;
				GCC_PREPROCESSOR_DEFINITIONS = (
					"DEBUG=1",
					"$(inherited)",
				);
				GCC_WARN_64_TO_32_BIT_CONVERSION = YES;
				GCC_WARN_ABOUT_RETURN_TYPE = YES_ERROR;
				GCC_WARN_UNDECLARED_SELECTOR = YES;
				GCC_WARN_UNINITIALIZED_AUTOS = YES_AGGRESSIVE;
				GCC_WARN_UNUSED_FUNCTION = YES;
				GCC_WARN_UNUSED_VARIABLE = YES;
				IPHONEOS_DEPLOYMENT_TARGET = 18.2;
				LOCALIZATION_PREFERS_STRING_CATALOGS = YES;
				MTL_ENABLE_DEBUG_INFO = INCLUDE_SOURCE;
				MTL_FAST_MATH = YES;
				ONLY_ACTIVE_ARCH = YES;
				SDKROOT = iphoneos;
				SWIFT_ACTIVE_COMPILATION_CONDITIONS = "DEBUG $(inherited)";
				SWIFT_OPTIMIZATION_LEVEL = "-Onone";
			};
			name = Debug;
		};
		84AED6002D8F852D00CB8F9A /* Release */ = {
			isa = XCBuildConfiguration;
			buildSettings = {
				ALWAYS_SEARCH_USER_PATHS = NO;
				ASSETCATALOG_COMPILER_GENERATE_SWIFT_ASSET_SYMBOL_EXTENSIONS = YES;
				CLANG_ANALYZER_NONNULL = YES;
				CLANG_ANALYZER_NUMBER_OBJECT_CONVERSION = YES_AGGRESSIVE;
				CLANG_CXX_LANGUAGE_STANDARD = "gnu++20";
				CLANG_ENABLE_MODULES = YES;
				CLANG_ENABLE_OBJC_ARC = YES;
				CLANG_ENABLE_OBJC_WEAK = YES;
				CLANG_WARN_BLOCK_CAPTURE_AUTORELEASING = YES;
				CLANG_WARN_BOOL_CONVERSION = YES;
				CLANG_WARN_COMMA = YES;
				CLANG_WARN_CONSTANT_CONVERSION = YES;
				CLANG_WARN_DEPRECATED_OBJC_IMPLEMENTATIONS = YES;
				CLANG_WARN_DIRECT_OBJC_ISA_USAGE = YES_ERROR;
				CLANG_WARN_DOCUMENTATION_COMMENTS = YES;
				CLANG_WARN_EMPTY_BODY = YES;
				CLANG_WARN_ENUM_CONVERSION = YES;
				CLANG_WARN_INFINITE_RECURSION = YES;
				CLANG_WARN_INT_CONVERSION = YES;
				CLANG_WARN_NON_LITERAL_NULL_CONVERSION = YES;
				CLANG_WARN_OBJC_IMPLICIT_RETAIN_SELF = YES;
				CLANG_WARN_OBJC_LITERAL_CONVERSION = YES;
				CLANG_WARN_OBJC_ROOT_CLASS = YES_ERROR;
				CLANG_WARN_QUOTED_INCLUDE_IN_FRAMEWORK_HEADER = YES;
				CLANG_WARN_RANGE_LOOP_ANALYSIS = YES;
				CLANG_WARN_STRICT_PROTOTYPES = YES;
				CLANG_WARN_SUSPICIOUS_MOVE = YES;
				CLANG_WARN_UNGUARDED_AVAILABILITY = YES_AGGRESSIVE;
				CLANG_WARN_UNREACHABLE_CODE = YES;
				CLANG_WARN__DUPLICATE_METHOD_MATCH = YES;
				COPY_PHASE_STRIP = NO;
				DEBUG_INFORMATION_FORMAT = "dwarf-with-dsym";
				ENABLE_NS_ASSERTIONS = NO;
				ENABLE_STRICT_OBJC_MSGSEND = YES;
				ENABLE_USER_SCRIPT_SANDBOXING = YES;
				GCC_C_LANGUAGE_STANDARD = gnu17;
				GCC_NO_COMMON_BLOCKS = YES;
				GCC_WARN_64_TO_32_BIT_CONVERSION = YES;
				GCC_WARN_ABOUT_RETURN_TYPE = YES_ERROR;
				GCC_WARN_UNDECLARED_SELECTOR = YES;
				GCC_WARN_UNINITIALIZED_AUTOS = YES_AGGRESSIVE;
				GCC_WARN_UNUSED_FUNCTION = YES;
				GCC_WARN_UNUSED_VARIABLE = YES;
				IPHONEOS_DEPLOYMENT_TARGET = 18.2;
				LOCALIZATION_PREFERS_STRING_CATALOGS = YES;
				MTL_ENABLE_DEBUG_INFO = NO;
				MTL_FAST_MATH = YES;
				SDKROOT = iphoneos;
				SWIFT_COMPILATION_MODE = wholemodule;
				VALIDATE_PRODUCT = YES;
			};
			name = Release;
		};
		84AED6022D8F852D00CB8F9A /* Debug */ = {
			isa = XCBuildConfiguration;
			buildSettings = {
				ASSETCATALOG_COMPILER_APPICON_NAME = AppIcon;
				ASSETCATALOG_COMPILER_GLOBAL_ACCENT_COLOR_NAME = AccentColor;
				CODE_SIGN_STYLE = Automatic;
				CURRENT_PROJECT_VERSION = 1;
				DEVELOPMENT_ASSET_PATHS = "\"NextToGo/Preview Content\"";
				ENABLE_PREVIEWS = YES;
				GENERATE_INFOPLIST_FILE = YES;
				INFOPLIST_KEY_UIApplicationSceneManifest_Generation = YES;
				INFOPLIST_KEY_UIApplicationSupportsIndirectInputEvents = YES;
				INFOPLIST_KEY_UILaunchScreen_Generation = YES;
				INFOPLIST_KEY_UISupportedInterfaceOrientations_iPad = "UIInterfaceOrientationPortrait UIInterfaceOrientationPortraitUpsideDown UIInterfaceOrientationLandscapeLeft UIInterfaceOrientationLandscapeRight";
				INFOPLIST_KEY_UISupportedInterfaceOrientations_iPhone = "UIInterfaceOrientationPortrait UIInterfaceOrientationLandscapeLeft UIInterfaceOrientationLandscapeRight";
				IPHONEOS_DEPLOYMENT_TARGET = 18.0;
				LD_RUNPATH_SEARCH_PATHS = (
					"$(inherited)",
					"@executable_path/Frameworks",
				);
				MARKETING_VERSION = 1.0;
				PRODUCT_BUNDLE_IDENTIFIER = com.vvssoftwaresolutionslimited.NextToGo;
				PRODUCT_NAME = "$(TARGET_NAME)";
				SUPPORTED_PLATFORMS = "iphoneos iphonesimulator";
				SUPPORTS_MACCATALYST = NO;
				SUPPORTS_MAC_DESIGNED_FOR_IPHONE_IPAD = NO;
				SUPPORTS_XR_DESIGNED_FOR_IPHONE_IPAD = NO;
				SWIFT_EMIT_LOC_STRINGS = YES;
				SWIFT_VERSION = 6.0;
				TARGETED_DEVICE_FAMILY = 1;
			};
			name = Debug;
		};
		84AED6032D8F852D00CB8F9A /* Release */ = {
			isa = XCBuildConfiguration;
			buildSettings = {
				ASSETCATALOG_COMPILER_APPICON_NAME = AppIcon;
				ASSETCATALOG_COMPILER_GLOBAL_ACCENT_COLOR_NAME = AccentColor;
				CODE_SIGN_STYLE = Automatic;
				CURRENT_PROJECT_VERSION = 1;
				DEVELOPMENT_ASSET_PATHS = "\"NextToGo/Preview Content\"";
				ENABLE_PREVIEWS = YES;
				GENERATE_INFOPLIST_FILE = YES;
				INFOPLIST_KEY_UIApplicationSceneManifest_Generation = YES;
				INFOPLIST_KEY_UIApplicationSupportsIndirectInputEvents = YES;
				INFOPLIST_KEY_UILaunchScreen_Generation = YES;
				INFOPLIST_KEY_UISupportedInterfaceOrientations_iPad = "UIInterfaceOrientationPortrait UIInterfaceOrientationPortraitUpsideDown UIInterfaceOrientationLandscapeLeft UIInterfaceOrientationLandscapeRight";
				INFOPLIST_KEY_UISupportedInterfaceOrientations_iPhone = "UIInterfaceOrientationPortrait UIInterfaceOrientationLandscapeLeft UIInterfaceOrientationLandscapeRight";
				IPHONEOS_DEPLOYMENT_TARGET = 18.0;
				LD_RUNPATH_SEARCH_PATHS = (
					"$(inherited)",
					"@executable_path/Frameworks",
				);
				MARKETING_VERSION = 1.0;
				PRODUCT_BUNDLE_IDENTIFIER = com.vvssoftwaresolutionslimited.NextToGo;
				PRODUCT_NAME = "$(TARGET_NAME)";
				SUPPORTED_PLATFORMS = "iphoneos iphonesimulator";
				SUPPORTS_MACCATALYST = NO;
				SUPPORTS_MAC_DESIGNED_FOR_IPHONE_IPAD = NO;
				SUPPORTS_XR_DESIGNED_FOR_IPHONE_IPAD = NO;
				SWIFT_EMIT_LOC_STRINGS = YES;
				SWIFT_VERSION = 6.0;
				TARGETED_DEVICE_FAMILY = 1;
			};
			name = Release;
		};
		84AED6052D8F852D00CB8F9A /* Debug */ = {
			isa = XCBuildConfiguration;
			buildSettings = {
				BUNDLE_LOADER = "$(TEST_HOST)";
				CODE_SIGN_STYLE = Automatic;
				CURRENT_PROJECT_VERSION = 1;
				GENERATE_INFOPLIST_FILE = YES;
				IPHONEOS_DEPLOYMENT_TARGET = 18.2;
				MARKETING_VERSION = 1.0;
				PRODUCT_BUNDLE_IDENTIFIER = com.vvssoftwaresolutionslimited.NextToGoTests;
				PRODUCT_NAME = "$(TARGET_NAME)";
				SWIFT_EMIT_LOC_STRINGS = NO;
				SWIFT_VERSION = 5.0;
				TARGETED_DEVICE_FAMILY = "1,2";
				TEST_HOST = "$(BUILT_PRODUCTS_DIR)/NextToGo.app/$(BUNDLE_EXECUTABLE_FOLDER_PATH)/NextToGo";
			};
			name = Debug;
		};
		84AED6062D8F852D00CB8F9A /* Release */ = {
			isa = XCBuildConfiguration;
			buildSettings = {
				BUNDLE_LOADER = "$(TEST_HOST)";
				CODE_SIGN_STYLE = Automatic;
				CURRENT_PROJECT_VERSION = 1;
				GENERATE_INFOPLIST_FILE = YES;
				IPHONEOS_DEPLOYMENT_TARGET = 18.2;
				MARKETING_VERSION = 1.0;
				PRODUCT_BUNDLE_IDENTIFIER = com.vvssoftwaresolutionslimited.NextToGoTests;
				PRODUCT_NAME = "$(TARGET_NAME)";
				SWIFT_EMIT_LOC_STRINGS = NO;
				SWIFT_VERSION = 5.0;
				TARGETED_DEVICE_FAMILY = "1,2";
				TEST_HOST = "$(BUILT_PRODUCTS_DIR)/NextToGo.app/$(BUNDLE_EXECUTABLE_FOLDER_PATH)/NextToGo";
			};
			name = Release;
		};
		84AED6082D8F852D00CB8F9A /* Debug */ = {
			isa = XCBuildConfiguration;
			buildSettings = {
				CODE_SIGN_STYLE = Automatic;
				CURRENT_PROJECT_VERSION = 1;
				GENERATE_INFOPLIST_FILE = YES;
				MARKETING_VERSION = 1.0;
				PRODUCT_BUNDLE_IDENTIFIER = com.vvssoftwaresolutionslimited.NextToGoUITests;
				PRODUCT_NAME = "$(TARGET_NAME)";
				SWIFT_EMIT_LOC_STRINGS = NO;
				SWIFT_VERSION = 5.0;
				TARGETED_DEVICE_FAMILY = "1,2";
				TEST_TARGET_NAME = NextToGo;
			};
			name = Debug;
		};
		84AED6092D8F852D00CB8F9A /* Release */ = {
			isa = XCBuildConfiguration;
			buildSettings = {
				CODE_SIGN_STYLE = Automatic;
				CURRENT_PROJECT_VERSION = 1;
				GENERATE_INFOPLIST_FILE = YES;
				MARKETING_VERSION = 1.0;
				PRODUCT_BUNDLE_IDENTIFIER = com.vvssoftwaresolutionslimited.NextToGoUITests;
				PRODUCT_NAME = "$(TARGET_NAME)";
				SWIFT_EMIT_LOC_STRINGS = NO;
				SWIFT_VERSION = 5.0;
				TARGETED_DEVICE_FAMILY = "1,2";
				TEST_TARGET_NAME = NextToGo;
			};
			name = Release;
		};
/* End XCBuildConfiguration section */

/* Begin XCConfigurationList section */
		84AED5D82D8F852A00CB8F9A /* Build configuration list for PBXProject "NextToGo" */ = {
			isa = XCConfigurationList;
			buildConfigurations = (
				84AED5FF2D8F852D00CB8F9A /* Debug */,
				84AED6002D8F852D00CB8F9A /* Release */,
			);
			defaultConfigurationIsVisible = 0;
			defaultConfigurationName = Release;
		};
		84AED6012D8F852D00CB8F9A /* Build configuration list for PBXNativeTarget "NextToGo" */ = {
			isa = XCConfigurationList;
			buildConfigurations = (
				84AED6022D8F852D00CB8F9A /* Debug */,
				84AED6032D8F852D00CB8F9A /* Release */,
			);
			defaultConfigurationIsVisible = 0;
			defaultConfigurationName = Release;
		};
		84AED6042D8F852D00CB8F9A /* Build configuration list for PBXNativeTarget "NextToGoTests" */ = {
			isa = XCConfigurationList;
			buildConfigurations = (
				84AED6052D8F852D00CB8F9A /* Debug */,
				84AED6062D8F852D00CB8F9A /* Release */,
			);
			defaultConfigurationIsVisible = 0;
			defaultConfigurationName = Release;
		};
		84AED6072D8F852D00CB8F9A /* Build configuration list for PBXNativeTarget "NextToGoUITests" */ = {
			isa = XCConfigurationList;
			buildConfigurations = (
				84AED6082D8F852D00CB8F9A /* Debug */,
				84AED6092D8F852D00CB8F9A /* Release */,
			);
			defaultConfigurationIsVisible = 0;
			defaultConfigurationName = Release;
		};
/* End XCConfigurationList section */
	};
	rootObject = 84AED5D52D8F852A00CB8F9A /* Project object */;
}
